
Microsoft Visual Studio Solution File, Format Version 11.00
# Visual Studio 2010
Project("{FAE04EC0-301F-11D3-BF4B-00C04F79EFBC}") = "Bingo.Web", "Bingo.Web\Bingo.Web.csproj", "{CAD4A5CA-BF80-4A85-A117-BCF9770FDE54}"
EndProject
Project("{FAE04EC0-301F-11D3-BF4B-00C04F79EFBC}") = "Bingo.Test", "Bingo.Test\Bingo.Test.csproj", "{EA0163A0-DE3D-45E0-B049-331E847B1C7D}"
EndProject
Global
	GlobalSection(SolutionConfigurationPlatforms) = preSolution
		Debug|Any CPU = Debug|Any CPU
		Release|Any CPU = Release|Any CPU
	EndGlobalSection
	GlobalSection(ProjectConfigurationPlatforms) = postSolution
		{CAD4A5CA-BF80-4A85-A117-BCF9770FDE54}.Debug|Any CPU.ActiveCfg = Debug|Any CPU
		{CAD4A5CA-BF80-4A85-A117-BCF9770FDE54}.Debug|Any CPU.Build.0 = Debug|Any CPU
		{CAD4A5CA-BF80-4A85-A117-BCF9770FDE54}.Release|Any CPU.ActiveCfg = Release|Any CPU
		{CAD4A5CA-BF80-4A85-A117-BCF9770FDE54}.Release|Any CPU.Build.0 = Release|Any CPU
		{EA0163A0-DE3D-45E0-B049-331E847B1C7D}.Debug|Any CPU.ActiveCfg = Debug|Any CPU
		{EA0163A0-DE3D-45E0-B049-331E847B1C7D}.Debug|Any CPU.Build.0 = Debug|Any CPU
		{EA0163A0-DE3D-45E0-B049-331E847B1C7D}.Release|Any CPU.ActiveCfg = Release|Any CPU
		{EA0163A0-DE3D-45E0-B049-331E847B1C7D}.Release|Any CPU.Build.0 = Release|Any CPU
	EndGlobalSection
	GlobalSection(SolutionProperties) = preSolution
		HideSolutionNode = FALSE
	EndGlobalSection
EndGlobal
